{
	"name": "pluginReleaseParse",
	"version": "1.0.0",
	"lockfileVersion": 2,
	"requires": true,
	"packages": {
		"": {
			"name": "pluginReleaseParse",
			"version": "1.0.0",
			"dependencies": {
				"app-info-parser": "^1.1.3",
				"node-fetch": "^3.2.3",
				"string-format": "^2.0.0"
			}
		},
		"node_modules/app-info-parser": {
			"version": "1.1.3",
			"resolved": "https://registry.npmjs.org/app-info-parser/-/app-info-parser-1.1.3.tgz",
			"integrity": "sha512-Vzmmoku+aDsixpeV6qfTeUu8u8Q62M2rVObMgiDexrvebQ6PHe0UYPrpRdB/aSO2JhuV2wB/+vUnzgeHhC6F/Q==",
			"dependencies": {
				"bplist-parser": "^0.2.0",
				"bytebuffer": "^5.0.1",
				"cgbi-to-png": "^1.0.7",
				"commander": "^7.2.0",
				"isomorphic-unzip": "^1.1.5",
				"plist": "^3.0.1"
			},
			"bin": {
				"app-info-parser": "bin/index.js"
			}
		},
		"node_modules/base64-js": {
			"version": "1.5.1",
			"resolved": "https://registry.npmjs.org/base64-js/-/base64-js-1.5.1.tgz",
			"integrity": "sha512-AKpaYlHn8t4SVbOHCy+b5+KKgvR4vrsD8vbvrbiQJps7fKDTkjkDry6ji0rUJjC0kzbNePLwzxq8iypo41qeWA==",
			"funding": [
				{
					"type": "github",
					"url": "https://github.com/sponsors/feross"
				},
				{
					"type": "patreon",
					"url": "https://www.patreon.com/feross"
				},
				{
					"type": "consulting",
					"url": "https://feross.org/support"
				}
			]
		},
		"node_modules/big-integer": {
			"version": "1.6.51",
			"resolved": "https://registry.npmjs.org/big-integer/-/big-integer-1.6.51.tgz",
			"integrity": "sha512-GPEid2Y9QU1Exl1rpO9B2IPJGHPSupF5GnVIP0blYvNOMer2bTvSWs1jGOUg04hTmu67nmLsQ9TBo1puaotBHg==",
			"engines": {
				"node": ">=0.6"
			}
		},
		"node_modules/bplist-parser": {
			"version": "0.2.0",
			"resolved": "https://registry.npmjs.org/bplist-parser/-/bplist-parser-0.2.0.tgz",
			"integrity": "sha512-z0M+byMThzQmD9NILRniCUXYsYpjwnlO8N5uCFaCqIOpqRsJCrQL9NK3JsD67CN5a08nF5oIL2bD6loTdHOuKw==",
			"dependencies": {
				"big-integer": "^1.6.44"
			},
			"engines": {
				"node": ">= 5.10.0"
			}
		},
		"node_modules/buffer": {
			"version": "5.7.1",
			"resolved": "https://registry.npmjs.org/buffer/-/buffer-5.7.1.tgz",
			"integrity": "sha512-EHcyIPBQ4BSGlvjB16k5KgAJ27CIsHY/2JBmCRReo48y9rQ3MaUzWX3KVlBa4U7MyX02HdVj0K7C3WaB3ju7FQ==",
			"funding": [
				{
					"type": "github",
					"url": "https://github.com/sponsors/feross"
				},
				{
					"type": "patreon",
					"url": "https://www.patreon.com/feross"
				},
				{
					"type": "consulting",
					"url": "https://feross.org/support"
				}
			],
			"dependencies": {
				"base64-js": "^1.3.1",
				"ieee754": "^1.1.13"
			}
		},
		"node_modules/buffer-crc32": {
			"version": "0.2.13",
			"resolved": "https://registry.npmjs.org/buffer-crc32/-/buffer-crc32-0.2.13.tgz",
			"integrity": "sha1-DTM+PwDqxQqhRUq9MO+MKl2ackI=",
			"engines": {
				"node": "*"
			}
		},
		"node_modules/bufferpack": {
			"version": "0.0.6",
			"resolved": "https://registry.npmjs.org/bufferpack/-/bufferpack-0.0.6.tgz",
			"integrity": "sha1-+z2HOKDh5OA7z/mfmnX57Bip1z4=",
			"engines": {
				"node": "*"
			}
		},
		"node_modules/bytebuffer": {
			"version": "5.0.1",
			"resolved": "https://registry.npmjs.org/bytebuffer/-/bytebuffer-5.0.1.tgz",
			"integrity": "sha1-WC7qSxqHO20CCkjVjfhfC7ps/d0=",
			"dependencies": {
				"long": "~3"
			},
			"engines": {
				"node": ">=0.8"
			}
		},
		"node_modules/cgbi-to-png": {
			"version": "1.0.7",
			"resolved": "https://registry.npmjs.org/cgbi-to-png/-/cgbi-to-png-1.0.7.tgz",
			"integrity": "sha512-YR80kxTPuq9oRpZUdQmNEQWrmTKLINk1cfLVfyrV7Rfr9KLtLJdcockPKbreIr4JYAq+DhHBR7w+WA/tF5VDaQ==",
			"dependencies": {
				"bufferpack": "0.0.6",
				"crc": "^3.3.0",
				"stream-to-buffer": "^0.1.0",
				"streamifier": "^0.1.1"
			}
		},
		"node_modules/commander": {
			"version": "7.2.0",
			"resolved": "https://registry.npmjs.org/commander/-/commander-7.2.0.tgz",
			"integrity": "sha512-QrWXB+ZQSVPmIWIhtEO9H+gwHaMGYiF5ChvoJ+K9ZGHG/sVsa6yiesAD1GC/x46sET00Xlwo1u49RVVVzvcSkw==",
			"engines": {
				"node": ">= 10"
			}
		},
		"node_modules/crc": {
			"version": "3.8.0",
			"resolved": "https://registry.npmjs.org/crc/-/crc-3.8.0.tgz",
			"integrity": "sha512-iX3mfgcTMIq3ZKLIsVFAbv7+Mc10kxabAGQb8HvjA1o3T1PIYprbakQ65d3I+2HGHt6nSKkM9PYjgoJO2KcFBQ==",
			"dependencies": {
				"buffer": "^5.1.0"
			}
		},
		"node_modules/data-uri-to-buffer": {
			"version": "4.0.0",
			"resolved": "https://registry.npmjs.org/data-uri-to-buffer/-/data-uri-to-buffer-4.0.0.tgz",
			"integrity": "sha512-Vr3mLBA8qWmcuschSLAOogKgQ/Jwxulv3RNE4FXnYWRGujzrRWQI4m12fQqRkwX06C0KanhLr4hK+GydchZsaA==",
			"engines": {
				"node": ">= 12"
			}
		},
		"node_modules/fd-slicer": {
			"version": "1.1.0",
			"resolved": "https://registry.npmjs.org/fd-slicer/-/fd-slicer-1.1.0.tgz",
			"integrity": "sha1-JcfInLH5B3+IkbvmHY85Dq4lbx4=",
			"dependencies": {
				"pend": "~1.2.0"
			}
		},
		"node_modules/fetch-blob": {
			"version": "3.1.5",
			"resolved": "https://registry.npmjs.org/fetch-blob/-/fetch-blob-3.1.5.tgz",
			"integrity": "sha512-N64ZpKqoLejlrwkIAnb9iLSA3Vx/kjgzpcDhygcqJ2KKjky8nCgUQ+dzXtbrLaWZGZNmNfQTsiQ0weZ1svglHg==",
			"funding": [
				{
					"type": "github",
					"url": "https://github.com/sponsors/jimmywarting"
				},
				{
					"type": "paypal",
					"url": "https://paypal.me/jimmywarting"
				}
			],
			"dependencies": {
				"node-domexception": "^1.0.0",
				"web-streams-polyfill": "^3.0.3"
			},
			"engines": {
				"node": "^12.20 || >= 14.13"
			}
		},
		"node_modules/formdata-polyfill": {
			"version": "4.0.10",
			"resolved": "https://registry.npmjs.org/formdata-polyfill/-/formdata-polyfill-4.0.10.tgz",
			"integrity": "sha512-buewHzMvYL29jdeQTVILecSaZKnt/RJWjoZCF5OW60Z67/GmSLBkOFM7qh1PI3zFNtJbaZL5eQu1vLfazOwj4g==",
			"dependencies": {
				"fetch-blob": "^3.1.2"
			},
			"engines": {
				"node": ">=12.20.0"
			}
		},
		"node_modules/ieee754": {
			"version": "1.2.1",
			"resolved": "https://registry.npmjs.org/ieee754/-/ieee754-1.2.1.tgz",
			"integrity": "sha512-dcyqhDvX1C46lXZcVqCpK+FtMRQVdIMN6/Df5js2zouUsqG7I6sFxitIC+7KYK29KdXOLHdu9zL4sFnoVQnqaA==",
			"funding": [
				{
					"type": "github",
					"url": "https://github.com/sponsors/feross"
				},
				{
					"type": "patreon",
					"url": "https://www.patreon.com/feross"
				},
				{
					"type": "consulting",
					"url": "https://feross.org/support"
				}
			]
		},
		"node_modules/isomorphic-unzip": {
			"version": "1.1.5",
			"resolved": "https://registry.npmjs.org/isomorphic-unzip/-/isomorphic-unzip-1.1.5.tgz",
			"integrity": "sha512-2McA51lWhmO3Kk438jxVcYeh6L+AOqVnl9XdX1yI7GlLA9RwEyTBgGem1rNuRIU2abAmOiv+IagThdUxASY4IA==",
			"dependencies": {
				"buffer": "^5.0.7",
				"yauzl": "^2.8.0"
			}
		},
		"node_modules/long": {
			"version": "3.2.0",
			"resolved": "https://registry.npmjs.org/long/-/long-3.2.0.tgz",
			"integrity": "sha1-2CG3E4yhy1gcFymQ7xTbIAtcR0s=",
			"engines": {
				"node": ">=0.6"
			}
		},
		"node_modules/node-domexception": {
			"version": "1.0.0",
			"resolved": "https://registry.npmjs.org/node-domexception/-/node-domexception-1.0.0.tgz",
			"integrity": "sha512-/jKZoMpw0F8GRwl4/eLROPA3cfcXtLApP0QzLmUT/HuPCZWyB7IY9ZrMeKw2O/nFIqPQB3PVM9aYm0F312AXDQ==",
			"funding": [
				{
					"type": "github",
					"url": "https://github.com/sponsors/jimmywarting"
				},
				{
					"type": "github",
					"url": "https://paypal.me/jimmywarting"
				}
			],
			"engines": {
				"node": ">=10.5.0"
			}
		},
		"node_modules/node-fetch": {
			"version": "3.2.3",
			"resolved": "https://registry.npmjs.org/node-fetch/-/node-fetch-3.2.3.tgz",
			"integrity": "sha512-AXP18u4pidSZ1xYXRDPY/8jdv3RAozIt/WLNR/MBGZAz+xjtlr90RvCnsvHQRiXyWliZF/CpytExp32UU67/SA==",
			"dependencies": {
				"data-uri-to-buffer": "^4.0.0",
				"fetch-blob": "^3.1.4",
				"formdata-polyfill": "^4.0.10"
			},
			"engines": {
				"node": "^12.20.0 || ^14.13.1 || >=16.0.0"
			},
			"funding": {
				"type": "opencollective",
				"url": "https://opencollective.com/node-fetch"
			}
		},
		"node_modules/pend": {
			"version": "1.2.0",
			"resolved": "https://registry.npmjs.org/pend/-/pend-1.2.0.tgz",
			"integrity": "sha1-elfrVQpng/kRUzH89GY9XI4AelA="
		},
		"node_modules/plist": {
			"version": "3.0.5",
			"resolved": "https://registry.npmjs.org/plist/-/plist-3.0.5.tgz",
			"integrity": "sha512-83vX4eYdQp3vP9SxuYgEM/G/pJQqLUz/V/xzPrzruLs7fz7jxGQ1msZ/mg1nwZxUSuOp4sb+/bEIbRrbzZRxDA==",
			"dependencies": {
				"base64-js": "^1.5.1",
				"xmlbuilder": "^9.0.7"
			},
			"engines": {
				"node": ">=6"
			}
		},
		"node_modules/stream-to": {
			"version": "0.2.2",
			"resolved": "https://registry.npmjs.org/stream-to/-/stream-to-0.2.2.tgz",
			"integrity": "sha1-hDBgmNhf25kLn6MAsbPM9V6O8B0=",
			"engines": {
				"node": ">= 0.10.0"
			}
		},
		"node_modules/stream-to-buffer": {
			"version": "0.1.0",
			"resolved": "https://registry.npmjs.org/stream-to-buffer/-/stream-to-buffer-0.1.0.tgz",
			"integrity": "sha1-JnmdkDqyAlyb1VCsRxcbAPjdgKk=",
			"dependencies": {
				"stream-to": "~0.2.0"
			},
			"engines": {
				"node": ">= 0.8"
			}
		},
		"node_modules/streamifier": {
			"version": "0.1.1",
			"resolved": "https://registry.npmjs.org/streamifier/-/streamifier-0.1.1.tgz",
			"integrity": "sha1-l+mNj6TRBdYqJpHR3AfoINuN/E8=",
			"engines": {
				"node": ">=0.10"
			}
		},
		"node_modules/string-format": {
			"version": "2.0.0",
			"resolved": "https://registry.npmjs.org/string-format/-/string-format-2.0.0.tgz",
			"integrity": "sha512-bbEs3scLeYNXLecRRuk6uJxdXUSj6le/8rNPHChIJTn2V79aXVTR1EH2OH5zLKKoz0V02fOUKZZcw01pLUShZA=="
		},
		"node_modules/web-streams-polyfill": {
			"version": "3.2.1",
			"resolved": "https://registry.npmjs.org/web-streams-polyfill/-/web-streams-polyfill-3.2.1.tgz",
			"integrity": "sha512-e0MO3wdXWKrLbL0DgGnUV7WHVuw9OUvL4hjgnPkIeEvESk74gAITi5G606JtZPp39cd8HA9VQzCIvA49LpPN5Q==",
			"engines": {
				"node": ">= 8"
			}
		},
		"node_modules/xmlbuilder": {
			"version": "9.0.7",
			"resolved": "https://registry.npmjs.org/xmlbuilder/-/xmlbuilder-9.0.7.tgz",
			"integrity": "sha1-Ey7mPS7FVlxVfiD0wi35rKaGsQ0=",
			"engines": {
				"node": ">=4.0"
			}
		},
		"node_modules/yauzl": {
			"version": "2.10.0",
			"resolved": "https://registry.npmjs.org/yauzl/-/yauzl-2.10.0.tgz",
			"integrity": "sha1-x+sXyT4RLLEIb6bY5R+wZnt5pfk=",
			"dependencies": {
				"buffer-crc32": "~0.2.3",
				"fd-slicer": "~1.1.0"
			}
		}
	},
	"dependencies": {
		"app-info-parser": {
			"version": "1.1.3",
			"resolved": "https://registry.npmjs.org/app-info-parser/-/app-info-parser-1.1.3.tgz",
			"integrity": "sha512-Vzmmoku+aDsixpeV6qfTeUu8u8Q62M2rVObMgiDexrvebQ6PHe0UYPrpRdB/aSO2JhuV2wB/+vUnzgeHhC6F/Q==",
			"requires": {
				"bplist-parser": "^0.2.0",
				"bytebuffer": "^5.0.1",
				"cgbi-to-png": "^1.0.7",
				"commander": "^7.2.0",
				"isomorphic-unzip": "^1.1.5",
				"plist": "^3.0.1"
			}
		},
		"base64-js": {
			"version": "1.5.1",
			"resolved": "https://registry.npmjs.org/base64-js/-/base64-js-1.5.1.tgz",
			"integrity": "sha512-AKpaYlHn8t4SVbOHCy+b5+KKgvR4vrsD8vbvrbiQJps7fKDTkjkDry6ji0rUJjC0kzbNePLwzxq8iypo41qeWA=="
		},
		"big-integer": {
			"version": "1.6.51",
			"resolved": "https://registry.npmjs.org/big-integer/-/big-integer-1.6.51.tgz",
			"integrity": "sha512-GPEid2Y9QU1Exl1rpO9B2IPJGHPSupF5GnVIP0blYvNOMer2bTvSWs1jGOUg04hTmu67nmLsQ9TBo1puaotBHg=="
		},
		"bplist-parser": {
			"version": "0.2.0",
			"resolved": "https://registry.npmjs.org/bplist-parser/-/bplist-parser-0.2.0.tgz",
			"integrity": "sha512-z0M+byMThzQmD9NILRniCUXYsYpjwnlO8N5uCFaCqIOpqRsJCrQL9NK3JsD67CN5a08nF5oIL2bD6loTdHOuKw==",
			"requires": {
				"big-integer": "^1.6.44"
			}
		},
		"buffer": {
			"version": "5.7.1",
			"resolved": "https://registry.npmjs.org/buffer/-/buffer-5.7.1.tgz",
			"integrity": "sha512-EHcyIPBQ4BSGlvjB16k5KgAJ27CIsHY/2JBmCRReo48y9rQ3MaUzWX3KVlBa4U7MyX02HdVj0K7C3WaB3ju7FQ==",
			"requires": {
				"base64-js": "^1.3.1",
				"ieee754": "^1.1.13"
			}
		},
		"buffer-crc32": {
			"version": "0.2.13",
			"resolved": "https://registry.npmjs.org/buffer-crc32/-/buffer-crc32-0.2.13.tgz",
			"integrity": "sha1-DTM+PwDqxQqhRUq9MO+MKl2ackI="
		},
		"bufferpack": {
			"version": "0.0.6",
			"resolved": "https://registry.npmjs.org/bufferpack/-/bufferpack-0.0.6.tgz",
			"integrity": "sha1-+z2HOKDh5OA7z/mfmnX57Bip1z4="
		},
		"bytebuffer": {
			"version": "5.0.1",
			"resolved": "https://registry.npmjs.org/bytebuffer/-/bytebuffer-5.0.1.tgz",
			"integrity": "sha1-WC7qSxqHO20CCkjVjfhfC7ps/d0=",
			"requires": {
				"long": "~3"
			}
		},
		"cgbi-to-png": {
			"version": "1.0.7",
			"resolved": "https://registry.npmjs.org/cgbi-to-png/-/cgbi-to-png-1.0.7.tgz",
			"integrity": "sha512-YR80kxTPuq9oRpZUdQmNEQWrmTKLINk1cfLVfyrV7Rfr9KLtLJdcockPKbreIr4JYAq+DhHBR7w+WA/tF5VDaQ==",
			"requires": {
				"bufferpack": "0.0.6",
				"crc": "^3.3.0",
				"stream-to-buffer": "^0.1.0",
				"streamifier": "^0.1.1"
			}
		},
		"commander": {
			"version": "7.2.0",
			"resolved": "https://registry.npmjs.org/commander/-/commander-7.2.0.tgz",
			"integrity": "sha512-QrWXB+ZQSVPmIWIhtEO9H+gwHaMGYiF5ChvoJ+K9ZGHG/sVsa6yiesAD1GC/x46sET00Xlwo1u49RVVVzvcSkw=="
		},
		"crc": {
			"version": "3.8.0",
			"resolved": "https://registry.npmjs.org/crc/-/crc-3.8.0.tgz",
			"integrity": "sha512-iX3mfgcTMIq3ZKLIsVFAbv7+Mc10kxabAGQb8HvjA1o3T1PIYprbakQ65d3I+2HGHt6nSKkM9PYjgoJO2KcFBQ==",
			"requires": {
				"buffer": "^5.1.0"
			}
		},
		"data-uri-to-buffer": {
			"version": "4.0.0",
			"resolved": "https://registry.npmjs.org/data-uri-to-buffer/-/data-uri-to-buffer-4.0.0.tgz",
			"integrity": "sha512-Vr3mLBA8qWmcuschSLAOogKgQ/Jwxulv3RNE4FXnYWRGujzrRWQI4m12fQqRkwX06C0KanhLr4hK+GydchZsaA=="
		},
		"fd-slicer": {
			"version": "1.1.0",
			"resolved": "https://registry.npmjs.org/fd-slicer/-/fd-slicer-1.1.0.tgz",
			"integrity": "sha1-JcfInLH5B3+IkbvmHY85Dq4lbx4=",
			"requires": {
				"pend": "~1.2.0"
			}
		},
		"fetch-blob": {
			"version": "3.1.5",
			"resolved": "https://registry.npmjs.org/fetch-blob/-/fetch-blob-3.1.5.tgz",
			"integrity": "sha512-N64ZpKqoLejlrwkIAnb9iLSA3Vx/kjgzpcDhygcqJ2KKjky8nCgUQ+dzXtbrLaWZGZNmNfQTsiQ0weZ1svglHg==",
			"requires": {
				"node-domexception": "^1.0.0",
				"web-streams-polyfill": "^3.0.3"
			}
		},
		"formdata-polyfill": {
			"version": "4.0.10",
			"resolved": "https://registry.npmjs.org/formdata-polyfill/-/formdata-polyfill-4.0.10.tgz",
			"integrity": "sha512-buewHzMvYL29jdeQTVILecSaZKnt/RJWjoZCF5OW60Z67/GmSLBkOFM7qh1PI3zFNtJbaZL5eQu1vLfazOwj4g==",
			"requires": {
				"fetch-blob": "^3.1.2"
			}
		},
		"ieee754": {
			"version": "1.2.1",
			"resolved": "https://registry.npmjs.org/ieee754/-/ieee754-1.2.1.tgz",
			"integrity": "sha512-dcyqhDvX1C46lXZcVqCpK+FtMRQVdIMN6/Df5js2zouUsqG7I6sFxitIC+7KYK29KdXOLHdu9zL4sFnoVQnqaA=="
		},
		"isomorphic-unzip": {
			"version": "1.1.5",
			"resolved": "https://registry.npmjs.org/isomorphic-unzip/-/isomorphic-unzip-1.1.5.tgz",
			"integrity": "sha512-2McA51lWhmO3Kk438jxVcYeh6L+AOqVnl9XdX1yI7GlLA9RwEyTBgGem1rNuRIU2abAmOiv+IagThdUxASY4IA==",
			"requires": {
				"buffer": "^5.0.7",
				"yauzl": "^2.8.0"
			}
		},
		"long": {
			"version": "3.2.0",
			"resolved": "https://registry.npmjs.org/long/-/long-3.2.0.tgz",
			"integrity": "sha1-2CG3E4yhy1gcFymQ7xTbIAtcR0s="
		},
		"node-domexception": {
			"version": "1.0.0",
			"resolved": "https://registry.npmjs.org/node-domexception/-/node-domexception-1.0.0.tgz",
			"integrity": "sha512-/jKZoMpw0F8GRwl4/eLROPA3cfcXtLApP0QzLmUT/HuPCZWyB7IY9ZrMeKw2O/nFIqPQB3PVM9aYm0F312AXDQ=="
		},
		"node-fetch": {
			"version": "3.2.3",
			"resolved": "https://registry.npmjs.org/node-fetch/-/node-fetch-3.2.3.tgz",
			"integrity": "sha512-AXP18u4pidSZ1xYXRDPY/8jdv3RAozIt/WLNR/MBGZAz+xjtlr90RvCnsvHQRiXyWliZF/CpytExp32UU67/SA==",
			"requires": {
				"data-uri-to-buffer": "^4.0.0",
				"fetch-blob": "^3.1.4",
				"formdata-polyfill": "^4.0.10"
			}
		},
		"pend": {
			"version": "1.2.0",
			"resolved": "https://registry.npmjs.org/pend/-/pend-1.2.0.tgz",
			"integrity": "sha1-elfrVQpng/kRUzH89GY9XI4AelA="
		},
		"plist": {
			"version": "3.0.5",
			"resolved": "https://registry.npmjs.org/plist/-/plist-3.0.5.tgz",
			"integrity": "sha512-83vX4eYdQp3vP9SxuYgEM/G/pJQqLUz/V/xzPrzruLs7fz7jxGQ1msZ/mg1nwZxUSuOp4sb+/bEIbRrbzZRxDA==",
			"requires": {
				"base64-js": "^1.5.1",
				"xmlbuilder": "^9.0.7"
			}
		},
		"stream-to": {
			"version": "0.2.2",
			"resolved": "https://registry.npmjs.org/stream-to/-/stream-to-0.2.2.tgz",
			"integrity": "sha1-hDBgmNhf25kLn6MAsbPM9V6O8B0="
		},
		"stream-to-buffer": {
			"version": "0.1.0",
			"resolved": "https://registry.npmjs.org/stream-to-buffer/-/stream-to-buffer-0.1.0.tgz",
			"integrity": "sha1-JnmdkDqyAlyb1VCsRxcbAPjdgKk=",
			"requires": {
				"stream-to": "~0.2.0"
			}
		},
		"streamifier": {
			"version": "0.1.1",
			"resolved": "https://registry.npmjs.org/streamifier/-/streamifier-0.1.1.tgz",
			"integrity": "sha1-l+mNj6TRBdYqJpHR3AfoINuN/E8="
		},
		"string-format": {
			"version": "2.0.0",
			"resolved": "https://registry.npmjs.org/string-format/-/string-format-2.0.0.tgz",
			"integrity": "sha512-bbEs3scLeYNXLecRRuk6uJxdXUSj6le/8rNPHChIJTn2V79aXVTR1EH2OH5zLKKoz0V02fOUKZZcw01pLUShZA=="
		},
		"web-streams-polyfill": {
			"version": "3.2.1",
			"resolved": "https://registry.npmjs.org/web-streams-polyfill/-/web-streams-polyfill-3.2.1.tgz",
			"integrity": "sha512-e0MO3wdXWKrLbL0DgGnUV7WHVuw9OUvL4hjgnPkIeEvESk74gAITi5G606JtZPp39cd8HA9VQzCIvA49LpPN5Q=="
		},
		"xmlbuilder": {
			"version": "9.0.7",
			"resolved": "https://registry.npmjs.org/xmlbuilder/-/xmlbuilder-9.0.7.tgz",
			"integrity": "sha1-Ey7mPS7FVlxVfiD0wi35rKaGsQ0="
		},
		"yauzl": {
			"version": "2.10.0",
			"resolved": "https://registry.npmjs.org/yauzl/-/yauzl-2.10.0.tgz",
			"integrity": "sha1-x+sXyT4RLLEIb6bY5R+wZnt5pfk=",
			"requires": {
				"buffer-crc32": "~0.2.3",
				"fd-slicer": "~1.1.0"
			}
		}
	}
}
